{
    "_readme": [
        "This file locks the dependencies of your project to a known state",
        "Read more about it at https://getcomposer.org/doc/01-basic-usage.md#installing-dependencies",
        "This file is @generated automatically"
    ],
    "content-hash": "d4b8462dfbbb2d941f5f6dd4b80cd825",
    "packages": [
        {
            "name": "zh-five/brick",
            "version": "dev-master",
            "source": {
                "type": "git",
                "url": "/Users/xw/git/github/zh-five/brick",
                "reference": "71d93db93bb734864f1133b1a3a4dab66c047dfd"
            },
            "require": {
                "php": ">=5.4",
                "zh-five/fivedb": "dev-master"
            },
            "type": "library",
            "autoload": {
                "psr-4": {
                    "Brick\\": "src/framework/"
                }
            },
            "license": [
                "MIT"
            ],
            "authors": [
                {
                    "name": "Five",
                    "email": "five@v5ip.com"
                }
            ],
            "description": "一个可以搭积木的php框架",
            "time": "2018-09-03T15:12:33+00:00"
        },
        {
            "name": "zh-five/fivedb",
            "version": "dev-master",
            "source": {
                "type": "git",
                "url": "/Users/xw/git/github/zh-five/fivedb",
                "reference": "760f9ad1b7a4a43dd0766c186f2937ab95eb6569"
            },
            "require": {
                "php": ">=5.4"
            },
            "type": "library",
            "autoload": {
                "psr-4": {
                    "Five\\DB\\": "src/"
                }
            },
            "license": [
                "MIT"
            ],
            "authors": [
                {
                    "name": "Five",
                    "email": "five@v5ip.com"
                }
            ],
            "description": "一个基于pdo封装的数据库操作类, 支持mysql和sqlite",
            "time": "2018-09-03T14:56:40+00:00"
        }
    ],
    "packages-dev": [],
    "aliases": [],
    "minimum-stability": "stable",
    "stability-flags": {
        "zh-five/brick": 20,
        "zh-five/fivedb": 20
    },
    "prefer-stable": false,
    "prefer-lowest": false,
    "platform": {
        "php": ">=5.4"
    },
    "platform-dev": []
}
