{
    "_readme": [
        "This file locks the dependencies of your project to a known state",
        "Read more about it at https://getcomposer.org/doc/01-basic-usage.md#installing-dependencies",
        "This file is @generated automatically"
    ],
    "content-hash": "c8c80da0128be78d709dfdf0eaae1b6e",
    "packages": [
        {
            "name": "zh-five/brick",
            "version": "dev-master",
            "source": {
                "type": "git",
                "url": "https://github.com/zh-five/brick.git",
                "reference": "07f4a60cfa4fcfced9917cc25c7555c2ae04eb94"
            },
            "dist": {
                "type": "zip",
                "url": "https://api.github.com/repos/zh-five/brick/zipball/07f4a60cfa4fcfced9917cc25c7555c2ae04eb94",
                "reference": "07f4a60cfa4fcfced9917cc25c7555c2ae04eb94",
                "shasum": ""
            },
            "require": {
                "php": ">=5.4"
            },
            "type": "library",
            "autoload": {
                "psr-4": {
                    "Brick\\": "src/framework/"
                }
            },
            "license": [
                "MIT"
            ],
            "authors": [
                {
                    "name": "Five",
                    "email": "five@v5ip.com"
                }
            ],
            "description": "一个可以搭积木的php框架",
            "support": {
                "source": "https://github.com/zh-five/brick/tree/master",
                "issues": "https://github.com/zh-five/brick/issues"
            },
            "time": "2018-08-28T08:11:37+00:00"
        },
        {
            "name": "zh-five/fivedb",
            "version": "dev-master",
            "source": {
                "type": "git",
                "url": "https://github.com/zh-five/fivedb.git",
                "reference": "a00800e30d9765a3e363291d4e5d25a15d85d2d3"
            },
            "dist": {
                "type": "zip",
                "url": "https://api.github.com/repos/zh-five/fivedb/zipball/a00800e30d9765a3e363291d4e5d25a15d85d2d3",
                "reference": "a00800e30d9765a3e363291d4e5d25a15d85d2d3",
                "shasum": ""
            },
            "type": "library",
            "autoload": {
                "psr-4": {
                    "Five\\DB\\": "src/"
                }
            },
            "license": [
                "MIT"
            ],
            "authors": [
                {
                    "name": "Five",
                    "email": "five@v5ip.com"
                }
            ],
            "description": "一个基于pdo封装的数据库操作类, 支持mysql和sqlite",
            "support": {
                "source": "https://github.com/zh-five/fivedb/tree/master",
                "issues": "https://github.com/zh-five/fivedb/issues"
            },
            "time": "2018-08-29T14:40:44+00:00"
        }
    ],
    "packages-dev": [],
    "aliases": [],
    "minimum-stability": "stable",
    "stability-flags": {
        "zh-five/brick": 20,
        "zh-five/fivedb": 20
    },
    "prefer-stable": false,
    "prefer-lowest": false,
    "platform": {
        "php": ">=5.4"
    },
    "platform-dev": []
}
